// !$*UTF8*$!
{
	archiveVersion = 1;
	classes = {
	};
	objectVersion = 50;
	objects = {

/* Begin PBXBuildFile section */
		A02B18D9253546F800B2D301 /* SongList.swift in Sources */ = {isa = PBXBuildFile; fileRef = A02B18D8253546F800B2D301 /* SongList.swift */; };
		A05841942533E4DC00E4E387 /* AppDelegate.swift in Sources */ = {isa = PBXBuildFile; fileRef = A05841932533E4DC00E4E387 /* AppDelegate.swift */; };
		A05841962533E4DC00E4E387 /* SceneDelegate.swift in Sources */ = {isa = PBXBuildFile; fileRef = A05841952533E4DC00E4E387 /* SceneDelegate.swift */; };
		A05841982533E4DC00E4E387 /* ContentView.swift in Sources */ = {isa = PBXBuildFile; fileRef = A05841972533E4DC00E4E387 /* ContentView.swift */; };
		A058419A2533E4E100E4E387 /* Assets.xcassets in Resources */ = {isa = PBXBuildFile; fileRef = A05841992533E4E100E4E387 /* Assets.xcassets */; };
		A058419D2533E4E100E4E387 /* Preview Assets.xcassets in Resources */ = {isa = PBXBuildFile; fileRef = A058419C2533E4E100E4E387 /* Preview Assets.xcassets */; };
		A05841A02533E4E100E4E387 /* LaunchScreen.storyboard in Resources */ = {isa = PBXBuildFile; fileRef = A058419E2533E4E100E4E387 /* LaunchScreen.storyboard */; };
		A05841AA2533E5E100E4E387 /* Player.swift in Sources */ = {isa = PBXBuildFile; fileRef = A05841A92533E5E100E4E387 /* Player.swift */; };
		A05841AE2535078800E4E387 /* SongHorizontal.swift in Sources */ = {isa = PBXBuildFile; fileRef = A05841AD2535078800E4E387 /* SongHorizontal.swift */; };
		A05841B025350A2300E4E387 /* Playlist.swift in Sources */ = {isa = PBXBuildFile; fileRef = A05841AF25350A2300E4E387 /* Playlist.swift */; };
		A05841B22535128500E4E387 /* AlbumHorizontal.swift in Sources */ = {isa = PBXBuildFile; fileRef = A05841B12535128500E4E387 /* AlbumHorizontal.swift */; };
		A05841B42535129A00E4E387 /* AlbumCard.swift in Sources */ = {isa = PBXBuildFile; fileRef = A05841B32535129A00E4E387 /* AlbumCard.swift */; };
		A05841B82535141B00E4E387 /* CornerRadius.swift in Sources */ = {isa = PBXBuildFile; fileRef = A05841B72535141B00E4E387 /* CornerRadius.swift */; };
		A05841BA2535167000E4E387 /* Home.swift in Sources */ = {isa = PBXBuildFile; fileRef = A05841B92535167000E4E387 /* Home.swift */; };
		A05841BC253519D700E4E387 /* PlaylistCard.swift in Sources */ = {isa = PBXBuildFile; fileRef = A05841BB253519D600E4E387 /* PlaylistCard.swift */; };
/* End PBXBuildFile section */

/* Begin PBXFileReference section */
		A02B18D8253546F800B2D301 /* SongList.swift */ = {isa = PBXFileReference; lastKnownFileType = sourcecode.swift; path = SongList.swift; sourceTree = "<group>"; };
		A05841902533E4DC00E4E387 /* Music Player.app */ = {isa = PBXFileReference; explicitFileType = wrapper.application; includeInIndex = 0; path = "Music Player.app"; sourceTree = BUILT_PRODUCTS_DIR; };
		A05841932533E4DC00E4E387 /* AppDelegate.swift */ = {isa = PBXFileReference; lastKnownFileType = sourcecode.swift; path = AppDelegate.swift; sourceTree = "<group>"; };
		A05841952533E4DC00E4E387 /* SceneDelegate.swift */ = {isa = PBXFileReference; lastKnownFileType = sourcecode.swift; path = SceneDelegate.swift; sourceTree = "<group>"; };
		A05841972533E4DC00E4E387 /* ContentView.swift */ = {isa = PBXFileReference; lastKnownFileType = sourcecode.swift; path = ContentView.swift; sourceTree = "<group>"; };
		A05841992533E4E100E4E387 /* Assets.xcassets */ = {isa = PBXFileReference; lastKnownFileType = folder.assetcatalog; path = Assets.xcassets; sourceTree = "<group>"; };
		A058419C2533E4E100E4E387 /* Preview Assets.xcassets */ = {isa = PBXFileReference; lastKnownFileType = folder.assetcatalog; path = "Preview Assets.xcassets"; sourceTree = "<group>"; };
		A058419F2533E4E100E4E387 /* Base */ = {isa = PBXFileReference; lastKnownFileType = file.storyboard; name = Base; path = Base.lproj/LaunchScreen.storyboard; sourceTree = "<group>"; };
		A05841A12533E4E100E4E387 /* Info.plist */ = {isa = PBXFileReference; lastKnownFileType = text.plist.xml; path = Info.plist; sourceTree = "<group>"; };
		A05841A92533E5E100E4E387 /* Player.swift */ = {isa = PBXFileReference; lastKnownFileType = sourcecode.swift; path = Player.swift; sourceTree = "<group>"; };
		A05841AD2535078800E4E387 /* SongHorizontal.swift */ = {isa = PBXFileReference; lastKnownFileType = sourcecode.swift; path = SongHorizontal.swift; sourceTree = "<group>"; };
		A05841AF25350A2300E4E387 /* Playlist.swift */ = {isa = PBXFileReference; lastKnownFileType = sourcecode.swift; path = Playlist.swift; sourceTree = "<group>"; };
		A05841B12535128500E4E387 /* AlbumHorizontal.swift */ = {isa = PBXFileReference; lastKnownFileType = sourcecode.swift; path = AlbumHorizontal.swift; sourceTree = "<group>"; };
		A05841B32535129A00E4E387 /* AlbumCard.swift */ = {isa = PBXFileReference; lastKnownFileType = sourcecode.swift; path = AlbumCard.swift; sourceTree = "<group>"; };
		A05841B72535141B00E4E387 /* CornerRadius.swift */ = {isa = PBXFileReference; lastKnownFileType = sourcecode.swift; path = CornerRadius.swift; sourceTree = "<group>"; };
		A05841B92535167000E4E387 /* Home.swift */ = {isa = PBXFileReference; lastKnownFileType = sourcecode.swift; path = Home.swift; sourceTree = "<group>"; };
		A05841BB253519D600E4E387 /* PlaylistCard.swift */ = {isa = PBXFileReference; lastKnownFileType = sourcecode.swift; path = PlaylistCard.swift; sourceTree = "<group>"; };
/* End PBXFileReference section */

/* Begin PBXFrameworksBuildPhase section */
		A058418D2533E4DC00E4E387 /* Frameworks */ = {
			isa = PBXFrameworksBuildPhase;
			buildActionMask = 2147483647;
			files = (
			);
			runOnlyForDeploymentPostprocessing = 0;
		};
/* End PBXFrameworksBuildPhase section */

/* Begin PBXGroup section */
		A05841872533E4DC00E4E387 = {
			isa = PBXGroup;
			children = (
				A05841922533E4DC00E4E387 /* Music Player */,
				A05841912533E4DC00E4E387 /* Products */,
			);
			sourceTree = "<group>";
		};
		A05841912533E4DC00E4E387 /* Products */ = {
			isa = PBXGroup;
			children = (
				A05841902533E4DC00E4E387 /* Music Player.app */,
			);
			name = Products;
			sourceTree = "<group>";
		};
		A05841922533E4DC00E4E387 /* Music Player */ = {
			isa = PBXGroup;
			children = (
				A0A0C9D1253885E400F209D8 /* View */,
				A0A0C9D0253885E000F209D8 /* Model */,
				A0A0C9CF253885DA00F209D8 /* Data */,
				A05841932533E4DC00E4E387 /* AppDelegate.swift */,
				A05841952533E4DC00E4E387 /* SceneDelegate.swift */,
				A05841972533E4DC00E4E387 /* ContentView.swift */,
				A05841A92533E5E100E4E387 /* Player.swift */,
				A02B18D8253546F800B2D301 /* SongList.swift */,
				A05841AD2535078800E4E387 /* SongHorizontal.swift */,
				A05841AF25350A2300E4E387 /* Playlist.swift */,
				A05841B12535128500E4E387 /* AlbumHorizontal.swift */,
				A05841992533E4E100E4E387 /* Assets.xcassets */,
				A058419E2533E4E100E4E387 /* LaunchScreen.storyboard */,
				A05841B32535129A00E4E387 /* AlbumCard.swift */,
				A05841B72535141B00E4E387 /* CornerRadius.swift */,
				A05841BB253519D600E4E387 /* PlaylistCard.swift */,
				A05841B92535167000E4E387 /* Home.swift */,
				A05841A12533E4E100E4E387 /* Info.plist */,
				A058419B2533E4E100E4E387 /* Preview Content */,
			);
			path = "Music Player";
			sourceTree = "<group>";
		};
		A058419B2533E4E100E4E387 /* Preview Content */ = {
			isa = PBXGroup;
			children = (
				A058419C2533E4E100E4E387 /* Preview Assets.xcassets */,
			);
			path = "Preview Content";
			sourceTree = "<group>";
		};
		A0A0C9CF253885DA00F209D8 /* Data */ = {
			isa = PBXGroup;
			children = (
			);
			path = Data;
			sourceTree = "<group>";
		};
		A0A0C9D0253885E000F209D8 /* Model */ = {
			isa = PBXGroup;
			children = (
			);
			path = Model;
			sourceTree = "<group>";
		};
		A0A0C9D1253885E400F209D8 /* View */ = {
			isa = PBXGroup;
			children = (
			);
			path = View;
			sourceTree = "<group>";
		};
/* End PBXGroup section */

/* Begin PBXNativeTarget section */
		A058418F2533E4DC00E4E387 /* Music Player */ = {
			isa = PBXNativeTarget;
			buildConfigurationList = A05841A42533E4E100E4E387 /* Build configuration list for PBXNativeTarget "Music Player" */;
			buildPhases = (
				A058418C2533E4DC00E4E387 /* Sources */,
				A058418D2533E4DC00E4E387 /* Frameworks */,
				A058418E2533E4DC00E4E387 /* Resources */,
			);
			buildRules = (
			);
			dependencies = (
			);
			name = "Music Player";
			productName = "Music Player";
			productReference = A05841902533E4DC00E4E387 /* Music Player.app */;
			productType = "com.apple.product-type.application";
		};
/* End PBXNativeTarget section */

/* Begin PBXProject section */
		A05841882533E4DC00E4E387 /* Project object */ = {
			isa = PBXProject;
			attributes = {
				LastSwiftUpdateCheck = 1170;
				LastUpgradeCheck = 1170;
				ORGANIZATIONNAME = "Alexander Zwerner";
				TargetAttributes = {
					A058418F2533E4DC00E4E387 = {
						CreatedOnToolsVersion = 11.7;
					};
				};
			};
			buildConfigurationList = A058418B2533E4DC00E4E387 /* Build configuration list for PBXProject "Music Player" */;
			compatibilityVersion = "Xcode 9.3";
			developmentRegion = en;
			hasScannedForEncodings = 0;
			knownRegions = (
				en,
				Base,
			);
			mainGroup = A05841872533E4DC00E4E387;
			productRefGroup = A05841912533E4DC00E4E387 /* Products */;
			projectDirPath = "";
			projectRoot = "";
			targets = (
				A058418F2533E4DC00E4E387 /* Music Player */,
			);
		};
/* End PBXProject section */

/* Begin PBXResourcesBuildPhase section */
		A058418E2533E4DC00E4E387 /* Resources */ = {
			isa = PBXResourcesBuildPhase;
			buildActionMask = 2147483647;
			files = (
				A05841A02533E4E100E4E387 /* LaunchScreen.storyboard in Resources */,
				A058419D2533E4E100E4E387 /* Preview Assets.xcassets in Resources */,
				A058419A2533E4E100E4E387 /* Assets.xcassets in Resources */,
			);
			runOnlyForDeploymentPostprocessing = 0;
		};
/* End PBXResourcesBuildPhase section */

/* Begin PBXSourcesBuildPhase section */
		A058418C2533E4DC00E4E387 /* Sources */ = {
			isa = PBXSourcesBuildPhase;
			buildActionMask = 2147483647;
			files = (
				A02B18D9253546F800B2D301 /* SongList.swift in Sources */,
				A05841942533E4DC00E4E387 /* AppDelegate.swift in Sources */,
				A05841962533E4DC00E4E387 /* SceneDelegate.swift in Sources */,
				A05841AE2535078800E4E387 /* SongHorizontal.swift in Sources */,
				A05841BC253519D700E4E387 /* PlaylistCard.swift in Sources */,
				A05841BA2535167000E4E387 /* Home.swift in Sources */,
				A05841B22535128500E4E387 /* AlbumHorizontal.swift in Sources */,
				A05841B025350A2300E4E387 /* Playlist.swift in Sources */,
				A05841982533E4DC00E4E387 /* ContentView.swift in Sources */,
				A05841B82535141B00E4E387 /* CornerRadius.swift in Sources */,
				A05841AA2533E5E100E4E387 /* Player.swift in Sources */,
				A05841B42535129A00E4E387 /* AlbumCard.swift in Sources */,
			);
			runOnlyForDeploymentPostprocessing = 0;
		};
/* End PBXSourcesBuildPhase section */

/* Begin PBXVariantGroup section */
		A058419E2533E4E100E4E387 /* LaunchScreen.storyboard */ = {
			isa = PBXVariantGroup;
			children = (
				A058419F2533E4E100E4E387 /* Base */,
			);
			name = LaunchScreen.storyboard;
			sourceTree = "<group>";
		};
/* End PBXVariantGroup section */

/* Begin XCBuildConfiguration section */
		A05841A22533E4E100E4E387 /* Debug */ = {
			isa = XCBuildConfiguration;
			buildSettings = {
				ALWAYS_SEARCH_USER_PATHS = NO;
				CLANG_ANALYZER_NONNULL = YES;
				CLANG_ANALYZER_NUMBER_OBJECT_CONVERSION = YES_AGGRESSIVE;
				CLANG_CXX_LANGUAGE_STANDARD = "gnu++14";
				CLANG_CXX_LIBRARY = "libc++";
				CLANG_ENABLE_MODULES = YES;
				CLANG_ENABLE_OBJC_ARC = YES;
				CLANG_ENABLE_OBJC_WEAK = YES;
				CLANG_WARN_BLOCK_CAPTURE_AUTORELEASING = YES;
				CLANG_WARN_BOOL_CONVERSION = YES;
				CLANG_WARN_COMMA = YES;
				CLANG_WARN_CONSTANT_CONVERSION = YES;
				CLANG_WARN_DEPRECATED_OBJC_IMPLEMENTATIONS = YES;
				CLANG_WARN_DIRECT_OBJC_ISA_USAGE = YES_ERROR;
				CLANG_WARN_DOCUMENTATION_COMMENTS = YES;
				CLANG_WARN_EMPTY_BODY = YES;
				CLANG_WARN_ENUM_CONVERSION = YES;
				CLANG_WARN_INFINITE_RECURSION = YES;
				CLANG_WARN_INT_CONVERSION = YES;
				CLANG_WARN_NON_LITERAL_NULL_CONVERSION = YES;
				CLANG_WARN_OBJC_IMPLICIT_RETAIN_SELF = YES;
				CLANG_WARN_OBJC_LITERAL_CONVERSION = YES;
				CLANG_WARN_OBJC_ROOT_CLASS = YES_ERROR;
				CLANG_WARN_RANGE_LOOP_ANALYSIS = YES;
				CLANG_WARN_STRICT_PROTOTYPES = YES;
				CLANG_WARN_SUSPICIOUS_MOVE = YES;
				CLANG_WARN_UNGUARDED_AVAILABILITY = YES_AGGRESSIVE;
				CLANG_WARN_UNREACHABLE_CODE = YES;
				CLANG_WARN__DUPLICATE_METHOD_MATCH = YES;
				COPY_PHASE_STRIP = NO;
				DEBUG_INFORMATION_FORMAT = dwarf;
				ENABLE_STRICT_OBJC_MSGSEND = YES;
				ENABLE_TESTABILITY = YES;
				GCC_C_LANGUAGE_STANDARD = gnu11;
				GCC_DYNAMIC_NO_PIC = NO;
				GCC_NO_COMMON_BLOCKS = YES;
				GCC_OPTIMIZATION_LEVEL = 0;
				GCC_PREPROCESSOR_DEFINITIONS = (
					"DEBUG=1",
					"$(inherited)",
				);
				GCC_WARN_64_TO_32_BIT_CONVERSION = YES;
				GCC_WARN_ABOUT_RETURN_TYPE = YES_ERROR;
				GCC_WARN_UNDECLARED_SELECTOR = YES;
				GCC_WARN_UNINITIALIZED_AUTOS = YES_AGGRESSIVE;
				GCC_WARN_UNUSED_FUNCTION = YES;
				GCC_WARN_UNUSED_VARIABLE = YES;
				IPHONEOS_DEPLOYMENT_TARGET = 13.7;
				MTL_ENABLE_DEBUG_INFO = INCLUDE_SOURCE;
				MTL_FAST_MATH = YES;
				ONLY_ACTIVE_ARCH = YES;
				SDKROOT = iphoneos;
				SWIFT_ACTIVE_COMPILATION_CONDITIONS = DEBUG;
				SWIFT_OPTIMIZATION_LEVEL = "-Onone";
			};
			name = Debug;
		};
		A05841A32533E4E100E4E387 /* Release */ = {
			isa = XCBuildConfiguration;
			buildSettings = {
				ALWAYS_SEARCH_USER_PATHS = NO;
				CLANG_ANALYZER_NONNULL = YES;
				CLANG_ANALYZER_NUMBER_OBJECT_CONVERSION = YES_AGGRESSIVE;
				CLANG_CXX_LANGUAGE_STANDARD = "gnu++14";
				CLANG_CXX_LIBRARY = "libc++";
				CLANG_ENABLE_MODULES = YES;
				CLANG_ENABLE_OBJC_ARC = YES;
				CLANG_ENABLE_OBJC_WEAK = YES;
				CLANG_WARN_BLOCK_CAPTURE_AUTORELEASING = YES;
				CLANG_WARN_BOOL_CONVERSION = YES;
				CLANG_WARN_COMMA = YES;
				CLANG_WARN_CONSTANT_CONVERSION = YES;
				CLANG_WARN_DEPRECATED_OBJC_IMPLEMENTATIONS = YES;
				CLANG_WARN_DIRECT_OBJC_ISA_USAGE = YES_ERROR;
				CLANG_WARN_DOCUMENTATION_COMMENTS = YES;
				CLANG_WARN_EMPTY_BODY = YES;
				CLANG_WARN_ENUM_CONVERSION = YES;
				CLANG_WARN_INFINITE_RECURSION = YES;
				CLANG_WARN_INT_CONVERSION = YES;
				CLANG_WARN_NON_LITERAL_NULL_CONVERSION = YES;
				CLANG_WARN_OBJC_IMPLICIT_RETAIN_SELF = YES;
				CLANG_WARN_OBJC_LITERAL_CONVERSION = YES;
				CLANG_WARN_OBJC_ROOT_CLASS = YES_ERROR;
				CLANG_WARN_RANGE_LOOP_ANALYSIS = YES;
				CLANG_WARN_STRICT_PROTOTYPES = YES;
				CLANG_WARN_SUSPICIOUS_MOVE = YES;
				CLANG_WARN_UNGUARDED_AVAILABILITY = YES_AGGRESSIVE;
				CLANG_WARN_UNREACHABLE_CODE = YES;
				CLANG_WARN__DUPLICATE_METHOD_MATCH = YES;
				COPY_PHASE_STRIP = NO;
				DEBUG_INFORMATION_FORMAT = "dwarf-with-dsym";
				ENABLE_NS_ASSERTIONS = NO;
				ENABLE_STRICT_OBJC_MSGSEND = YES;
				GCC_C_LANGUAGE_STANDARD = gnu11;
				GCC_NO_COMMON_BLOCKS = YES;
				GCC_WARN_64_TO_32_BIT_CONVERSION = YES;
				GCC_WARN_ABOUT_RETURN_TYPE = YES_ERROR;
				GCC_WARN_UNDECLARED_SELECTOR = YES;
				GCC_WARN_UNINITIALIZED_AUTOS = YES_AGGRESSIVE;
				GCC_WARN_UNUSED_FUNCTION = YES;
				GCC_WARN_UNUSED_VARIABLE = YES;
				IPHONEOS_DEPLOYMENT_TARGET = 13.7;
				MTL_ENABLE_DEBUG_INFO = NO;
				MTL_FAST_MATH = YES;
				SDKROOT = iphoneos;
				SWIFT_COMPILATION_MODE = wholemodule;
				SWIFT_OPTIMIZATION_LEVEL = "-O";
				VALIDATE_PRODUCT = YES;
			};
			name = Release;
		};
		A05841A52533E4E100E4E387 /* Debug */ = {
			isa = XCBuildConfiguration;
			buildSettings = {
				ASSETCATALOG_COMPILER_APPICON_NAME = AppIcon;
				CODE_SIGN_STYLE = Automatic;
				DEVELOPMENT_ASSET_PATHS = "\"Music Player/Preview Content\"";
				DEVELOPMENT_TEAM = 48N7BQ4S2H;
				ENABLE_PREVIEWS = YES;
				INFOPLIST_FILE = "Music Player/Info.plist";
				IPHONEOS_DEPLOYMENT_TARGET = 13.6;
				LD_RUNPATH_SEARCH_PATHS = (
					"$(inherited)",
					"@executable_path/Frameworks",
				);
				PRODUCT_BUNDLE_IDENTIFIER = "com.example.Music-Player";
				PRODUCT_NAME = "$(TARGET_NAME)";
				SWIFT_VERSION = 5.0;
				TARGETED_DEVICE_FAMILY = "1,2";
			};
			name = Debug;
		};
		A05841A62533E4E100E4E387 /* Release */ = {
			isa = XCBuildConfiguration;
			buildSettings = {
				ASSETCATALOG_COMPILER_APPICON_NAME = AppIcon;
				CODE_SIGN_STYLE = Automatic;
				DEVELOPMENT_ASSET_PATHS = "\"Music Player/Preview Content\"";
				DEVELOPMENT_TEAM = 48N7BQ4S2H;
				ENABLE_PREVIEWS = YES;
				INFOPLIST_FILE = "Music Player/Info.plist";
				IPHONEOS_DEPLOYMENT_TARGET = 13.6;
				LD_RUNPATH_SEARCH_PATHS = (
					"$(inherited)",
					"@executable_path/Frameworks",
				);
				PRODUCT_BUNDLE_IDENTIFIER = "com.example.Music-Player";
				PRODUCT_NAME = "$(TARGET_NAME)";
				SWIFT_VERSION = 5.0;
				TARGETED_DEVICE_FAMILY = "1,2";
			};
			name = Release;
		};
/* End XCBuildConfiguration section */

/* Begin XCConfigurationList section */
		A058418B2533E4DC00E4E387 /* Build configuration list for PBXProject "Music Player" */ = {
			isa = XCConfigurationList;
			buildConfigurations = (
				A05841A22533E4E100E4E387 /* Debug */,
				A05841A32533E4E100E4E387 /* Release */,
			);
			defaultConfigurationIsVisible = 0;
			defaultConfigurationName = Release;
		};
		A05841A42533E4E100E4E387 /* Build configuration list for PBXNativeTarget "Music Player" */ = {
			isa = XCConfigurationList;
			buildConfigurations = (
				A05841A52533E4E100E4E387 /* Debug */,
				A05841A62533E4E100E4E387 /* Release */,
			);
			defaultConfigurationIsVisible = 0;
			defaultConfigurationName = Release;
		};
/* End XCConfigurationList section */
	};
	rootObject = A05841882533E4DC00E4E387 /* Project object */;
}
